
Microsoft Visual Studio Solution File, Format Version 12.00
# Visual Studio Version 17
VisualStudioVersion = 17.9.34728.123
MinimumVisualStudioVersion = 10.0.40219.1
Project("{FAE04EC0-301F-11D3-BF4B-00C04F79EFBC}") = "ReadSerial", "ReadSerial\ReadSerial.csproj", "{454AF143-993A-4884-8970-C2A1E24E391C}"
EndProject
Global
	GlobalSection(SolutionConfigurationPlatforms) = preSolution
		Debug|Any CPU = Debug|Any CPU
		Release|Any CPU = Release|Any CPU
	EndGlobalSection
	GlobalSection(ProjectConfigurationPlatforms) = postSolution
		{454AF143-993A-4884-8970-C2A1E24E391C}.Debug|Any CPU.ActiveCfg = Debug|Any CPU
		{454AF143-993A-4884-8970-C2A1E24E391C}.Debug|Any CPU.Build.0 = Debug|Any CPU
		{454AF143-993A-4884-8970-C2A1E24E391C}.Release|Any CPU.ActiveCfg = Release|Any CPU
		{454AF143-993A-4884-8970-C2A1E24E391C}.Release|Any CPU.Build.0 = Release|Any CPU
	EndGlobalSection
	GlobalSection(SolutionProperties) = preSolution
		HideSolutionNode = FALSE
	EndGlobalSection
	GlobalSection(ExtensibilityGlobals) = postSolution
		SolutionGuid = {E47E8B28-6A0D-4749-BDF0-DA750E4C6275}
	EndGlobalSection
EndGlobal
